
Microsoft Visual Studio Solution File, Format Version 12.00
# Visual Studio Version 17
VisualStudioVersion = 17.9.34728.123
MinimumVisualStudioVersion = 10.0.40219.1
Project("{FAE04EC0-301F-11D3-BF4B-00C04F79EFBC}") = "frstpracticekos", "frstpracticekos\frstpracticekos.csproj", "{0D12EC24-0618-45D1-805B-AE10618C3C62}"
EndProject
Global
	GlobalSection(SolutionConfigurationPlatforms) = preSolution
		Debug|Any CPU = Debug|Any CPU
		Release|Any CPU = Release|Any CPU
	EndGlobalSection
	GlobalSection(ProjectConfigurationPlatforms) = postSolution
		{0D12EC24-0618-45D1-805B-AE10618C3C62}.Debug|Any CPU.ActiveCfg = Debug|Any CPU
		{0D12EC24-0618-45D1-805B-AE10618C3C62}.Debug|Any CPU.Build.0 = Debug|Any CPU
		{0D12EC24-0618-45D1-805B-AE10618C3C62}.Release|Any CPU.ActiveCfg = Release|Any CPU
		{0D12EC24-0618-45D1-805B-AE10618C3C62}.Release|Any CPU.Build.0 = Release|Any CPU
	EndGlobalSection
	GlobalSection(SolutionProperties) = preSolution
		HideSolutionNode = FALSE
	EndGlobalSection
	GlobalSection(ExtensibilityGlobals) = postSolution
		SolutionGuid = {F8B9CF4E-2380-46B8-BDDF-ED28F4840C5A}
	EndGlobalSection
EndGlobal
